{
  "name": "painel-admin",
  "version": "1.0.0",
  "lockfileVersion": 2,
  "requires": true,
  "packages": {
    "": {
      "name": "painel-admin",
      "version": "1.0.0",
      "license": "ISC",
      "dependencies": {
        "@mdi/font": "^6.6.96"
      }
    },
    "node_modules/@mdi/font": {
      "version": "6.6.96",
      "resolved": "https://registry.npmjs.org/@mdi/font/-/font-6.6.96.tgz",
      "integrity": "sha512-FbcvG9z17hwZ7IwX5XeOR1UYGoLq+gTKq6XNPvJFuCpn599GdiPCJbAmmDBJb+jMYXjKYr0lCxfouWGxDA82sA=="
    }
  },
  "dependencies": {
    "@mdi/font": {
      "version": "6.6.96",
      "resolved": "https://registry.npmjs.org/@mdi/font/-/font-6.6.96.tgz",
      "integrity": "sha512-FbcvG9z17hwZ7IwX5XeOR1UYGoLq+gTKq6XNPvJFuCpn599GdiPCJbAmmDBJb+jMYXjKYr0lCxfouWGxDA82sA=="
    }
  }
}
